
Microsoft Visual Studio Solution File, Format Version 12.00
# Visual Studio Version 17
VisualStudioVersion = 17.13.35913.81
MinimumVisualStudioVersion = 10.0.40219.1
Project("{2150E333-8FDC-42A3-9474-1A3956D46DE8}") = "Solution Items", "Solution Items", "{8EC462FD-D22E-90A8-E5CE-7E832BA40C5D}"
	ProjectSection(SolutionItems) = preProject
		README.md = README.md
	EndProjectSection
EndProject
Project("{FAE04EC0-301F-11D3-BF4B-00C04F79EFBC}") = "AdventOfCode.Core", "src\AdventOfCode.Core\AdventOfCode.Core.csproj", "{E723EE35-125A-4AC9-9D77-489281394B86}"
EndProject
Project("{FAE04EC0-301F-11D3-BF4B-00C04F79EFBC}") = "AdventOfCode.Template", "src\AdventOfCode.Template\AdventOfCode.Template.csproj", "{3C141E06-0E11-ACD2-5C73-6816F67488F4}"
EndProject
Project("{2150E333-8FDC-42A3-9474-1A3956D46DE8}") = "Solutions", "Solutions", "{02EA681E-C7D8-13C7-8484-4AC65E1B71E8}"
EndProject
Project("{FAE04EC0-301F-11D3-BF4B-00C04F79EFBC}") = "AdventOfCode.Year2024", "src\Solutions\AdventOfCode.Year2024\AdventOfCode.Year2024.csproj", "{95F8D9B7-E7C0-4ACE-70B5-CFE818F684AF}"
EndProject
Global
	GlobalSection(SolutionConfigurationPlatforms) = preSolution
		Debug|Any CPU = Debug|Any CPU
		Release|Any CPU = Release|Any CPU
	EndGlobalSection
	GlobalSection(ProjectConfigurationPlatforms) = postSolution
		{E723EE35-125A-4AC9-9D77-489281394B86}.Debug|Any CPU.ActiveCfg = Debug|Any CPU
		{E723EE35-125A-4AC9-9D77-489281394B86}.Debug|Any CPU.Build.0 = Debug|Any CPU
		{E723EE35-125A-4AC9-9D77-489281394B86}.Release|Any CPU.ActiveCfg = Release|Any CPU
		{E723EE35-125A-4AC9-9D77-489281394B86}.Release|Any CPU.Build.0 = Release|Any CPU
		{3C141E06-0E11-ACD2-5C73-6816F67488F4}.Debug|Any CPU.ActiveCfg = Debug|Any CPU
		{3C141E06-0E11-ACD2-5C73-6816F67488F4}.Debug|Any CPU.Build.0 = Debug|Any CPU
		{3C141E06-0E11-ACD2-5C73-6816F67488F4}.Release|Any CPU.ActiveCfg = Release|Any CPU
		{3C141E06-0E11-ACD2-5C73-6816F67488F4}.Release|Any CPU.Build.0 = Release|Any CPU
		{95F8D9B7-E7C0-4ACE-70B5-CFE818F684AF}.Debug|Any CPU.ActiveCfg = Debug|Any CPU
		{95F8D9B7-E7C0-4ACE-70B5-CFE818F684AF}.Debug|Any CPU.Build.0 = Debug|Any CPU
		{95F8D9B7-E7C0-4ACE-70B5-CFE818F684AF}.Release|Any CPU.ActiveCfg = Release|Any CPU
		{95F8D9B7-E7C0-4ACE-70B5-CFE818F684AF}.Release|Any CPU.Build.0 = Release|Any CPU
	EndGlobalSection
	GlobalSection(SolutionProperties) = preSolution
		HideSolutionNode = FALSE
	EndGlobalSection
	GlobalSection(NestedProjects) = preSolution
		{95F8D9B7-E7C0-4ACE-70B5-CFE818F684AF} = {02EA681E-C7D8-13C7-8484-4AC65E1B71E8}
	EndGlobalSection
	GlobalSection(ExtensibilityGlobals) = postSolution
		SolutionGuid = {16E52E40-99D6-4FD0-8A3A-6358ADE9A6B3}
	EndGlobalSection
EndGlobal
